
Microsoft Visual Studio Solution File, Format Version 12.00
# Visual Studio 15
VisualStudioVersion = 15.0.28010.2036
MinimumVisualStudioVersion = 10.0.40219.1
Project("{FAE04EC0-301F-11D3-BF4B-00C04F79EFBC}") = "Lab10", "Lab10\Lab10.csproj", "{ADD7B816-4BAE-4A0B-A8CA-67088BB26850}"
EndProject
Global
	GlobalSection(SolutionConfigurationPlatforms) = preSolution
		Debug|Any CPU = Debug|Any CPU
		Release|Any CPU = Release|Any CPU
	EndGlobalSection
	GlobalSection(ProjectConfigurationPlatforms) = postSolution
		{ADD7B816-4BAE-4A0B-A8CA-67088BB26850}.Debug|Any CPU.ActiveCfg = Debug|Any CPU
		{ADD7B816-4BAE-4A0B-A8CA-67088BB26850}.Debug|Any CPU.Build.0 = Debug|Any CPU
		{ADD7B816-4BAE-4A0B-A8CA-67088BB26850}.Release|Any CPU.ActiveCfg = Release|Any CPU
		{ADD7B816-4BAE-4A0B-A8CA-67088BB26850}.Release|Any CPU.Build.0 = Release|Any CPU
	EndGlobalSection
	GlobalSection(SolutionProperties) = preSolution
		HideSolutionNode = FALSE
	EndGlobalSection
	GlobalSection(ExtensibilityGlobals) = postSolution
		SolutionGuid = {079FE1FB-16F3-417A-B384-FDB29A0D7FC1}
	EndGlobalSection
EndGlobal
